
Microsoft Visual Studio Solution File, Format Version 12.00
# Visual Studio 15
Project("{FAE04EC0-301F-11D3-BF4B-00C04F79EFBC}") = "PhotonUnityNetworking.Utilities", "PhotonUnityNetworking.Utilities.csproj", "{9E57900E-8D46-2282-7483-E29F531CE24E}"
EndProject
Project("{FAE04EC0-301F-11D3-BF4B-00C04F79EFBC}") = "Assembly-CSharp", "Assembly-CSharp.csproj", "{5CFEB6A6-7292-5EFA-1BE7-3B7D7970A77B}"
EndProject
Project("{FAE04EC0-301F-11D3-BF4B-00C04F79EFBC}") = "PhotonUnityNetworking.Demos", "PhotonUnityNetworking.Demos.csproj", "{BE111788-7F1D-3F80-5192-78C89B431A92}"
EndProject
Project("{FAE04EC0-301F-11D3-BF4B-00C04F79EFBC}") = "PhotonUnityNetworking", "PhotonUnityNetworking.csproj", "{CF690C6F-0BDB-2C15-586A-3B419CA957DE}"
EndProject
Project("{FAE04EC0-301F-11D3-BF4B-00C04F79EFBC}") = "PhotonChat", "PhotonChat.csproj", "{93E511F0-9F09-166B-7C97-1C6D24231572}"
EndProject
Project("{FAE04EC0-301F-11D3-BF4B-00C04F79EFBC}") = "PhotonRealtime", "PhotonRealtime.csproj", "{ED1DE88B-AD26-4735-1430-B50724BD2525}"
EndProject
Project("{FAE04EC0-301F-11D3-BF4B-00C04F79EFBC}") = "PhotonUnityNetworking.Editor", "PhotonUnityNetworking.Editor.csproj", "{11CEFA7A-9DFA-0616-920A-AEA5612F3F4E}"
EndProject
Project("{FAE04EC0-301F-11D3-BF4B-00C04F79EFBC}") = "PhotonUnityNetworking.Utilities.PhotonPlayer.Editor", "PhotonUnityNetworking.Utilities.PhotonPlayer.Editor.csproj", "{71B512E5-160D-A0FC-A747-649CDCCAD075}"
EndProject
Project("{FAE04EC0-301F-11D3-BF4B-00C04F79EFBC}") = "PunDemos.DemoSlotcarEditor", "PunDemos.DemoSlotcarEditor.csproj", "{F9770567-4309-DD63-642A-E848A0A261BF}"
EndProject
Project("{FAE04EC0-301F-11D3-BF4B-00C04F79EFBC}") = "PhotonUnityNetworking.Utilities.Culling.Editor", "PhotonUnityNetworking.Utilities.Culling.Editor.csproj", "{8EB5F544-BB45-D26A-EF2D-BC685160E3CA}"
EndProject
Project("{FAE04EC0-301F-11D3-BF4B-00C04F79EFBC}") = "PunDemos.DemoHubEditor", "PunDemos.DemoHubEditor.csproj", "{6D89CA40-761E-BC4F-085A-0B0E5441667F}"
EndProject
Project("{FAE04EC0-301F-11D3-BF4B-00C04F79EFBC}") = "Assembly-CSharp-Editor", "Assembly-CSharp-Editor.csproj", "{722CDAA5-AF46-6AAD-CBF2-85BF7F04F82F}"
EndProject
Global
	GlobalSection(SolutionConfigurationPlatforms) = preSolution
		Debug|Any CPU = Debug|Any CPU
		Release|Any CPU = Release|Any CPU
	EndGlobalSection
	GlobalSection(ProjectConfigurationPlatforms) = postSolution
		{9E57900E-8D46-2282-7483-E29F531CE24E}.Debug|Any CPU.ActiveCfg = Debug|Any CPU
		{9E57900E-8D46-2282-7483-E29F531CE24E}.Debug|Any CPU.Build.0 = Debug|Any CPU
		{9E57900E-8D46-2282-7483-E29F531CE24E}.Release|Any CPU.ActiveCfg = Release|Any CPU
		{9E57900E-8D46-2282-7483-E29F531CE24E}.Release|Any CPU.Build.0 = Release|Any CPU
		{5CFEB6A6-7292-5EFA-1BE7-3B7D7970A77B}.Debug|Any CPU.ActiveCfg = Debug|Any CPU
		{5CFEB6A6-7292-5EFA-1BE7-3B7D7970A77B}.Debug|Any CPU.Build.0 = Debug|Any CPU
		{5CFEB6A6-7292-5EFA-1BE7-3B7D7970A77B}.Release|Any CPU.ActiveCfg = Release|Any CPU
		{5CFEB6A6-7292-5EFA-1BE7-3B7D7970A77B}.Release|Any CPU.Build.0 = Release|Any CPU
		{BE111788-7F1D-3F80-5192-78C89B431A92}.Debug|Any CPU.ActiveCfg = Debug|Any CPU
		{BE111788-7F1D-3F80-5192-78C89B431A92}.Debug|Any CPU.Build.0 = Debug|Any CPU
		{BE111788-7F1D-3F80-5192-78C89B431A92}.Release|Any CPU.ActiveCfg = Release|Any CPU
		{BE111788-7F1D-3F80-5192-78C89B431A92}.Release|Any CPU.Build.0 = Release|Any CPU
		{CF690C6F-0BDB-2C15-586A-3B419CA957DE}.Debug|Any CPU.ActiveCfg = Debug|Any CPU
		{CF690C6F-0BDB-2C15-586A-3B419CA957DE}.Debug|Any CPU.Build.0 = Debug|Any CPU
		{CF690C6F-0BDB-2C15-586A-3B419CA957DE}.Release|Any CPU.ActiveCfg = Release|Any CPU
		{CF690C6F-0BDB-2C15-586A-3B419CA957DE}.Release|Any CPU.Build.0 = Release|Any CPU
		{93E511F0-9F09-166B-7C97-1C6D24231572}.Debug|Any CPU.ActiveCfg = Debug|Any CPU
		{93E511F0-9F09-166B-7C97-1C6D24231572}.Debug|Any CPU.Build.0 = Debug|Any CPU
		{93E511F0-9F09-166B-7C97-1C6D24231572}.Release|Any CPU.ActiveCfg = Release|Any CPU
		{93E511F0-9F09-166B-7C97-1C6D24231572}.Release|Any CPU.Build.0 = Release|Any CPU
		{ED1DE88B-AD26-4735-1430-B50724BD2525}.Debug|Any CPU.ActiveCfg = Debug|Any CPU
		{ED1DE88B-AD26-4735-1430-B50724BD2525}.Debug|Any CPU.Build.0 = Debug|Any CPU
		{ED1DE88B-AD26-4735-1430-B50724BD2525}.Release|Any CPU.ActiveCfg = Release|Any CPU
		{ED1DE88B-AD26-4735-1430-B50724BD2525}.Release|Any CPU.Build.0 = Release|Any CPU
		{11CEFA7A-9DFA-0616-920A-AEA5612F3F4E}.Debug|Any CPU.ActiveCfg = Debug|Any CPU
		{11CEFA7A-9DFA-0616-920A-AEA5612F3F4E}.Debug|Any CPU.Build.0 = Debug|Any CPU
		{11CEFA7A-9DFA-0616-920A-AEA5612F3F4E}.Release|Any CPU.ActiveCfg = Release|Any CPU
		{11CEFA7A-9DFA-0616-920A-AEA5612F3F4E}.Release|Any CPU.Build.0 = Release|Any CPU
		{71B512E5-160D-A0FC-A747-649CDCCAD075}.Debug|Any CPU.ActiveCfg = Debug|Any CPU
		{71B512E5-160D-A0FC-A747-649CDCCAD075}.Debug|Any CPU.Build.0 = Debug|Any CPU
		{71B512E5-160D-A0FC-A747-649CDCCAD075}.Release|Any CPU.ActiveCfg = Release|Any CPU
		{71B512E5-160D-A0FC-A747-649CDCCAD075}.Release|Any CPU.Build.0 = Release|Any CPU
		{F9770567-4309-DD63-642A-E848A0A261BF}.Debug|Any CPU.ActiveCfg = Debug|Any CPU
		{F9770567-4309-DD63-642A-E848A0A261BF}.Debug|Any CPU.Build.0 = Debug|Any CPU
		{F9770567-4309-DD63-642A-E848A0A261BF}.Release|Any CPU.ActiveCfg = Release|Any CPU
		{F9770567-4309-DD63-642A-E848A0A261BF}.Release|Any CPU.Build.0 = Release|Any CPU
		{8EB5F544-BB45-D26A-EF2D-BC685160E3CA}.Debug|Any CPU.ActiveCfg = Debug|Any CPU
		{8EB5F544-BB45-D26A-EF2D-BC685160E3CA}.Debug|Any CPU.Build.0 = Debug|Any CPU
		{8EB5F544-BB45-D26A-EF2D-BC685160E3CA}.Release|Any CPU.ActiveCfg = Release|Any CPU
		{8EB5F544-BB45-D26A-EF2D-BC685160E3CA}.Release|Any CPU.Build.0 = Release|Any CPU
		{6D89CA40-761E-BC4F-085A-0B0E5441667F}.Debug|Any CPU.ActiveCfg = Debug|Any CPU
		{6D89CA40-761E-BC4F-085A-0B0E5441667F}.Debug|Any CPU.Build.0 = Debug|Any CPU
		{6D89CA40-761E-BC4F-085A-0B0E5441667F}.Release|Any CPU.ActiveCfg = Release|Any CPU
		{6D89CA40-761E-BC4F-085A-0B0E5441667F}.Release|Any CPU.Build.0 = Release|Any CPU
		{722CDAA5-AF46-6AAD-CBF2-85BF7F04F82F}.Debug|Any CPU.ActiveCfg = Debug|Any CPU
		{722CDAA5-AF46-6AAD-CBF2-85BF7F04F82F}.Debug|Any CPU.Build.0 = Debug|Any CPU
		{722CDAA5-AF46-6AAD-CBF2-85BF7F04F82F}.Release|Any CPU.ActiveCfg = Release|Any CPU
		{722CDAA5-AF46-6AAD-CBF2-85BF7F04F82F}.Release|Any CPU.Build.0 = Release|Any CPU
	EndGlobalSection
	GlobalSection(SolutionProperties) = preSolution
		HideSolutionNode = FALSE
	EndGlobalSection
EndGlobal
